
Microsoft Visual Studio Solution File, Format Version 11.00
# Visual Studio 2010
Project("{FAE04EC0-301F-11D3-BF4B-00C04F79EFBC}") = "DWJS", "DWJS\DWJS.csproj", "{98A0BC09-806C-42C8-B16B-B59580460793}"
EndProject
Project("{FAE04EC0-301F-11D3-BF4B-00C04F79EFBC}") = "BLL", "DWJSDLL\BLL\BLL.csproj", "{906A9FCF-D754-444C-B24B-7A5EADBF69EE}"
EndProject
Global
	GlobalSection(SolutionConfigurationPlatforms) = preSolution
		Debug|Any CPU = Debug|Any CPU
		Release|Any CPU = Release|Any CPU
	EndGlobalSection
	GlobalSection(ProjectConfigurationPlatforms) = postSolution
		{98A0BC09-806C-42C8-B16B-B59580460793}.Debug|Any CPU.ActiveCfg = Debug|Any CPU
		{98A0BC09-806C-42C8-B16B-B59580460793}.Debug|Any CPU.Build.0 = Debug|Any CPU
		{98A0BC09-806C-42C8-B16B-B59580460793}.Release|Any CPU.ActiveCfg = Release|Any CPU
		{98A0BC09-806C-42C8-B16B-B59580460793}.Release|Any CPU.Build.0 = Release|Any CPU
		{906A9FCF-D754-444C-B24B-7A5EADBF69EE}.Debug|Any CPU.ActiveCfg = Debug|Any CPU
		{906A9FCF-D754-444C-B24B-7A5EADBF69EE}.Debug|Any CPU.Build.0 = Debug|Any CPU
		{906A9FCF-D754-444C-B24B-7A5EADBF69EE}.Release|Any CPU.ActiveCfg = Release|Any CPU
		{906A9FCF-D754-444C-B24B-7A5EADBF69EE}.Release|Any CPU.Build.0 = Release|Any CPU
	EndGlobalSection
	GlobalSection(SolutionProperties) = preSolution
		HideSolutionNode = FALSE
	EndGlobalSection
EndGlobal
